// !$*UTF8*$!
{
	archiveVersion = 1;
	classes = {
	};
	objectVersion = 46;
	objects = {

/* Begin PBXBuildFile section */
		367867C719C7A84E003D844A /* Foundation.framework in Frameworks */ = {isa = PBXBuildFile; fileRef = 367867C619C7A84E003D844A /* Foundation.framework */; };
		367867C919C7A84E003D844A /* CoreGraphics.framework in Frameworks */ = {isa = PBXBuildFile; fileRef = 367867C819C7A84E003D844A /* CoreGraphics.framework */; };
		367867CB19C7A84E003D844A /* UIKit.framework in Frameworks */ = {isa = PBXBuildFile; fileRef = 367867CA19C7A84E003D844A /* UIKit.framework */; };
		367867D119C7A84E003D844A /* InfoPlist.strings in Resources */ = {isa = PBXBuildFile; fileRef = 367867CF19C7A84E003D844A /* InfoPlist.strings */; };
		367867D319C7A84E003D844A /* main.m in Sources */ = {isa = PBXBuildFile; fileRef = 367867D219C7A84E003D844A /* main.m */; };
		367867D719C7A84E003D844A /* hidekeyboardAppDelegate.m in Sources */ = {isa = PBXBuildFile; fileRef = 367867D619C7A84E003D844A /* hidekeyboardAppDelegate.m */; };
		367867DA19C7A84E003D844A /* Main.storyboard in Resources */ = {isa = PBXBuildFile; fileRef = 367867D819C7A84E003D844A /* Main.storyboard */; };
		367867DD19C7A84E003D844A /* hidekeyboardViewController.m in Sources */ = {isa = PBXBuildFile; fileRef = 367867DC19C7A84E003D844A /* hidekeyboardViewController.m */; };
		367867DF19C7A84E003D844A /* Images.xcassets in Resources */ = {isa = PBXBuildFile; fileRef = 367867DE19C7A84E003D844A /* Images.xcassets */; };
		367867E619C7A84E003D844A /* XCTest.framework in Frameworks */ = {isa = PBXBuildFile; fileRef = 367867E519C7A84E003D844A /* XCTest.framework */; };
		367867E719C7A84E003D844A /* Foundation.framework in Frameworks */ = {isa = PBXBuildFile; fileRef = 367867C619C7A84E003D844A /* Foundation.framework */; };
		367867E819C7A84E003D844A /* UIKit.framework in Frameworks */ = {isa = PBXBuildFile; fileRef = 367867CA19C7A84E003D844A /* UIKit.framework */; };
		367867F019C7A84E003D844A /* InfoPlist.strings in Resources */ = {isa = PBXBuildFile; fileRef = 367867EE19C7A84E003D844A /* InfoPlist.strings */; };
		367867F219C7A84E003D844A /* hidekeyboardTests.m in Sources */ = {isa = PBXBuildFile; fileRef = 367867F119C7A84E003D844A /* hidekeyboardTests.m */; };
/* End PBXBuildFile section */

/* Begin PBXContainerItemProxy section */
		367867E919C7A84E003D844A /* PBXContainerItemProxy */ = {
			isa = PBXContainerItemProxy;
			containerPortal = 367867BB19C7A84E003D844A /* Project object */;
			proxyType = 1;
			remoteGlobalIDString = 367867C219C7A84E003D844A;
			remoteInfo = hidekeyboard;
		};
/* End PBXContainerItemProxy section */

/* Begin PBXFileReference section */
		367867C319C7A84E003D844A /* hidekeyboard.app */ = {isa = PBXFileReference; explicitFileType = wrapper.application; includeInIndex = 0; path = hidekeyboard.app; sourceTree = BUILT_PRODUCTS_DIR; };
		367867C619C7A84E003D844A /* Foundation.framework */ = {isa = PBXFileReference; lastKnownFileType = wrapper.framework; name = Foundation.framework; path = System/Library/Frameworks/Foundation.framework; sourceTree = SDKROOT; };
		367867C819C7A84E003D844A /* CoreGraphics.framework */ = {isa = PBXFileReference; lastKnownFileType = wrapper.framework; name = CoreGraphics.framework; path = System/Library/Frameworks/CoreGraphics.framework; sourceTree = SDKROOT; };
		367867CA19C7A84E003D844A /* UIKit.framework */ = {isa = PBXFileReference; lastKnownFileType = wrapper.framework; name = UIKit.framework; path = System/Library/Frameworks/UIKit.framework; sourceTree = SDKROOT; };
		367867CE19C7A84E003D844A /* hidekeyboard-Info.plist */ = {isa = PBXFileReference; lastKnownFileType = text.plist.xml; path = "hidekeyboard-Info.plist"; sourceTree = "<group>"; };
		367867D019C7A84E003D844A /* en */ = {isa = PBXFileReference; lastKnownFileType = text.plist.strings; name = en; path = en.lproj/InfoPlist.strings; sourceTree = "<group>"; };
		367867D219C7A84E003D844A /* main.m */ = {isa = PBXFileReference; lastKnownFileType = sourcecode.c.objc; path = main.m; sourceTree = "<group>"; };
		367867D419C7A84E003D844A /* hidekeyboard-Prefix.pch */ = {isa = PBXFileReference; lastKnownFileType = sourcecode.c.h; path = "hidekeyboard-Prefix.pch"; sourceTree = "<group>"; };
		367867D519C7A84E003D844A /* hidekeyboardAppDelegate.h */ = {isa = PBXFileReference; lastKnownFileType = sourcecode.c.h; path = hidekeyboardAppDelegate.h; sourceTree = "<group>"; };
		367867D619C7A84E003D844A /* hidekeyboardAppDelegate.m */ = {isa = PBXFileReference; lastKnownFileType = sourcecode.c.objc; path = hidekeyboardAppDelegate.m; sourceTree = "<group>"; };
		367867D919C7A84E003D844A /* Base */ = {isa = PBXFileReference; lastKnownFileType = file.storyboard; name = Base; path = Base.lproj/Main.storyboard; sourceTree = "<group>"; };
		367867DB19C7A84E003D844A /* hidekeyboardViewController.h */ = {isa = PBXFileReference; lastKnownFileType = sourcecode.c.h; path = hidekeyboardViewController.h; sourceTree = "<group>"; };
		367867DC19C7A84E003D844A /* hidekeyboardViewController.m */ = {isa = PBXFileReference; lastKnownFileType = sourcecode.c.objc; path = hidekeyboardViewController.m; sourceTree = "<group>"; };
		367867DE19C7A84E003D844A /* Images.xcassets */ = {isa = PBXFileReference; lastKnownFileType = folder.assetcatalog; path = Images.xcassets; sourceTree = "<group>"; };
		367867E419C7A84E003D844A /* hidekeyboardTests.xctest */ = {isa = PBXFileReference; explicitFileType = wrapper.cfbundle; includeInIndex = 0; path = hidekeyboardTests.xctest; sourceTree = BUILT_PRODUCTS_DIR; };
		367867E519C7A84E003D844A /* XCTest.framework */ = {isa = PBXFileReference; lastKnownFileType = wrapper.framework; name = XCTest.framework; path = Library/Frameworks/XCTest.framework; sourceTree = DEVELOPER_DIR; };
		367867ED19C7A84E003D844A /* hidekeyboardTests-Info.plist */ = {isa = PBXFileReference; lastKnownFileType = text.plist.xml; path = "hidekeyboardTests-Info.plist"; sourceTree = "<group>"; };
		367867EF19C7A84E003D844A /* en */ = {isa = PBXFileReference; lastKnownFileType = text.plist.strings; name = en; path = en.lproj/InfoPlist.strings; sourceTree = "<group>"; };
		367867F119C7A84E003D844A /* hidekeyboardTests.m */ = {isa = PBXFileReference; lastKnownFileType = sourcecode.c.objc; path = hidekeyboardTests.m; sourceTree = "<group>"; };
/* End PBXFileReference section */

/* Begin PBXFrameworksBuildPhase section */
		367867C019C7A84E003D844A /* Frameworks */ = {
			isa = PBXFrameworksBuildPhase;
			buildActionMask = 2147483647;
			files = (
				367867C919C7A84E003D844A /* CoreGraphics.framework in Frameworks */,
				367867CB19C7A84E003D844A /* UIKit.framework in Frameworks */,
				367867C719C7A84E003D844A /* Foundation.framework in Frameworks */,
			);
			runOnlyForDeploymentPostprocessing = 0;
		};
		367867E119C7A84E003D844A /* Frameworks */ = {
			isa = PBXFrameworksBuildPhase;
			buildActionMask = 2147483647;
			files = (
				367867E619C7A84E003D844A /* XCTest.framework in Frameworks */,
				367867E819C7A84E003D844A /* UIKit.framework in Frameworks */,
				367867E719C7A84E003D844A /* Foundation.framework in Frameworks */,
			);
			runOnlyForDeploymentPostprocessing = 0;
		};
/* End PBXFrameworksBuildPhase section */

/* Begin PBXGroup section */
		367867BA19C7A84E003D844A = {
			isa = PBXGroup;
			children = (
				367867CC19C7A84E003D844A /* hidekeyboard */,
				367867EB19C7A84E003D844A /* hidekeyboardTests */,
				367867C519C7A84E003D844A /* Frameworks */,
				367867C419C7A84E003D844A /* Products */,
			);
			sourceTree = "<group>";
		};
		367867C419C7A84E003D844A /* Products */ = {
			isa = PBXGroup;
			children = (
				367867C319C7A84E003D844A /* hidekeyboard.app */,
				367867E419C7A84E003D844A /* hidekeyboardTests.xctest */,
			);
			name = Products;
			sourceTree = "<group>";
		};
		367867C519C7A84E003D844A /* Frameworks */ = {
			isa = PBXGroup;
			children = (
				367867C619C7A84E003D844A /* Foundation.framework */,
				367867C819C7A84E003D844A /* CoreGraphics.framework */,
				367867CA19C7A84E003D844A /* UIKit.framework */,
				367867E519C7A84E003D844A /* XCTest.framework */,
			);
			name = Frameworks;
			sourceTree = "<group>";
		};
		367867CC19C7A84E003D844A /* hidekeyboard */ = {
			isa = PBXGroup;
			children = (
				367867D519C7A84E003D844A /* hidekeyboardAppDelegate.h */,
				367867D619C7A84E003D844A /* hidekeyboardAppDelegate.m */,
				367867D819C7A84E003D844A /* Main.storyboard */,
				367867DB19C7A84E003D844A /* hidekeyboardViewController.h */,
				367867DC19C7A84E003D844A /* hidekeyboardViewController.m */,
				367867DE19C7A84E003D844A /* Images.xcassets */,
				367867CD19C7A84E003D844A /* Supporting Files */,
			);
			path = hidekeyboard;
			sourceTree = "<group>";
		};
		367867CD19C7A84E003D844A /* Supporting Files */ = {
			isa = PBXGroup;
			children = (
				367867CE19C7A84E003D844A /* hidekeyboard-Info.plist */,
				367867CF19C7A84E003D844A /* InfoPlist.strings */,
				367867D219C7A84E003D844A /* main.m */,
				367867D419C7A84E003D844A /* hidekeyboard-Prefix.pch */,
			);
			name = "Supporting Files";
			sourceTree = "<group>";
		};
		367867EB19C7A84E003D844A /* hidekeyboardTests */ = {
			isa = PBXGroup;
			children = (
				367867F119C7A84E003D844A /* hidekeyboardTests.m */,
				367867EC19C7A84E003D844A /* Supporting Files */,
			);
			path = hidekeyboardTests;
			sourceTree = "<group>";
		};
		367867EC19C7A84E003D844A /* Supporting Files */ = {
			isa = PBXGroup;
			children = (
				367867ED19C7A84E003D844A /* hidekeyboardTests-Info.plist */,
				367867EE19C7A84E003D844A /* InfoPlist.strings */,
			);
			name = "Supporting Files";
			sourceTree = "<group>";
		};
/* End PBXGroup section */

/* Begin PBXNativeTarget section */
		367867C219C7A84E003D844A /* hidekeyboard */ = {
			isa = PBXNativeTarget;
			buildConfigurationList = 367867F519C7A84E003D844A /* Build configuration list for PBXNativeTarget "hidekeyboard" */;
			buildPhases = (
				367867BF19C7A84E003D844A /* Sources */,
				367867C019C7A84E003D844A /* Frameworks */,
				367867C119C7A84E003D844A /* Resources */,
			);
			buildRules = (
			);
			dependencies = (
			);
			name = hidekeyboard;
			productName = hidekeyboard;
			productReference = 367867C319C7A84E003D844A /* hidekeyboard.app */;
			productType = "com.apple.product-type.application";
		};
		367867E319C7A84E003D844A /* hidekeyboardTests */ = {
			isa = PBXNativeTarget;
			buildConfigurationList = 367867F819C7A84E003D844A /* Build configuration list for PBXNativeTarget "hidekeyboardTests" */;
			buildPhases = (
				367867E019C7A84E003D844A /* Sources */,
				367867E119C7A84E003D844A /* Frameworks */,
				367867E219C7A84E003D844A /* Resources */,
			);
			buildRules = (
			);
			dependencies = (
				367867EA19C7A84E003D844A /* PBXTargetDependency */,
			);
			name = hidekeyboardTests;
			productName = hidekeyboardTests;
			productReference = 367867E419C7A84E003D844A /* hidekeyboardTests.xctest */;
			productType = "com.apple.product-type.bundle.unit-test";
		};
/* End PBXNativeTarget section */

/* Begin PBXProject section */
		367867BB19C7A84E003D844A /* Project object */ = {
			isa = PBXProject;
			attributes = {
				CLASSPREFIX = hidekeyboard;
				LastUpgradeCheck = 0510;
				ORGANIZATIONNAME = "Rock Valley College";
				TargetAttributes = {
					367867E319C7A84E003D844A = {
						TestTargetID = 367867C219C7A84E003D844A;
					};
				};
			};
			buildConfigurationList = 367867BE19C7A84E003D844A /* Build configuration list for PBXProject "hidekeyboard" */;
			compatibilityVersion = "Xcode 3.2";
			developmentRegion = English;
			hasScannedForEncodings = 0;
			knownRegions = (
				en,
				Base,
			);
			mainGroup = 367867BA19C7A84E003D844A;
			productRefGroup = 367867C419C7A84E003D844A /* Products */;
			projectDirPath = "";
			projectRoot = "";
			targets = (
				367867C219C7A84E003D844A /* hidekeyboard */,
				367867E319C7A84E003D844A /* hidekeyboardTests */,
			);
		};
/* End PBXProject section */

/* Begin PBXResourcesBuildPhase section */
		367867C119C7A84E003D844A /* Resources */ = {
			isa = PBXResourcesBuildPhase;
			buildActionMask = 2147483647;
			files = (
				367867DF19C7A84E003D844A /* Images.xcassets in Resources */,
				367867D119C7A84E003D844A /* InfoPlist.strings in Resources */,
				367867DA19C7A84E003D844A /* Main.storyboard in Resources */,
			);
			runOnlyForDeploymentPostprocessing = 0;
		};
		367867E219C7A84E003D844A /* Resources */ = {
			isa = PBXResourcesBuildPhase;
			buildActionMask = 2147483647;
			files = (
				367867F019C7A84E003D844A /* InfoPlist.strings in Resources */,
			);
			runOnlyForDeploymentPostprocessing = 0;
		};
/* End PBXResourcesBuildPhase section */

/* Begin PBXSourcesBuildPhase section */
		367867BF19C7A84E003D844A /* Sources */ = {
			isa = PBXSourcesBuildPhase;
			buildActionMask = 2147483647;
			files = (
				367867DD19C7A84E003D844A /* hidekeyboardViewController.m in Sources */,
				367867D319C7A84E003D844A /* main.m in Sources */,
				367867D719C7A84E003D844A /* hidekeyboardAppDelegate.m in Sources */,
			);
			runOnlyForDeploymentPostprocessing = 0;
		};
		367867E019C7A84E003D844A /* Sources */ = {
			isa = PBXSourcesBuildPhase;
			buildActionMask = 2147483647;
			files = (
				367867F219C7A84E003D844A /* hidekeyboardTests.m in Sources */,
			);
			runOnlyForDeploymentPostprocessing = 0;
		};
/* End PBXSourcesBuildPhase section */

/* Begin PBXTargetDependency section */
		367867EA19C7A84E003D844A /* PBXTargetDependency */ = {
			isa = PBXTargetDependency;
			target = 367867C219C7A84E003D844A /* hidekeyboard */;
			targetProxy = 367867E919C7A84E003D844A /* PBXContainerItemProxy */;
		};
/* End PBXTargetDependency section */

/* Begin PBXVariantGroup section */
		367867CF19C7A84E003D844A /* InfoPlist.strings */ = {
			isa = PBXVariantGroup;
			children = (
				367867D019C7A84E003D844A /* en */,
			);
			name = InfoPlist.strings;
			sourceTree = "<group>";
		};
		367867D819C7A84E003D844A /* Main.storyboard */ = {
			isa = PBXVariantGroup;
			children = (
				367867D919C7A84E003D844A /* Base */,
			);
			name = Main.storyboard;
			sourceTree = "<group>";
		};
		367867EE19C7A84E003D844A /* InfoPlist.strings */ = {
			isa = PBXVariantGroup;
			children = (
				367867EF19C7A84E003D844A /* en */,
			);
			name = InfoPlist.strings;
			sourceTree = "<group>";
		};
/* End PBXVariantGroup section */

/* Begin XCBuildConfiguration section */
		367867F319C7A84E003D844A /* Debug */ = {
			isa = XCBuildConfiguration;
			buildSettings = {
				ALWAYS_SEARCH_USER_PATHS = NO;
				CLANG_CXX_LANGUAGE_STANDARD = "gnu++0x";
				CLANG_CXX_LIBRARY = "libc++";
				CLANG_ENABLE_MODULES = YES;
				CLANG_ENABLE_OBJC_ARC = YES;
				CLANG_WARN_BOOL_CONVERSION = YES;
				CLANG_WARN_CONSTANT_CONVERSION = YES;
				CLANG_WARN_DIRECT_OBJC_ISA_USAGE = YES_ERROR;
				CLANG_WARN_EMPTY_BODY = YES;
				CLANG_WARN_ENUM_CONVERSION = YES;
				CLANG_WARN_INT_CONVERSION = YES;
				CLANG_WARN_OBJC_ROOT_CLASS = YES_ERROR;
				CLANG_WARN__DUPLICATE_METHOD_MATCH = YES;
				"CODE_SIGN_IDENTITY[sdk=iphoneos*]" = "iPhone Developer";
				COPY_PHASE_STRIP = NO;
				GCC_C_LANGUAGE_STANDARD = gnu99;
				GCC_DYNAMIC_NO_PIC = NO;
				GCC_OPTIMIZATION_LEVEL = 0;
				GCC_PREPROCESSOR_DEFINITIONS = (
					"DEBUG=1",
					"$(inherited)",
				);
				GCC_SYMBOLS_PRIVATE_EXTERN = NO;
				GCC_WARN_64_TO_32_BIT_CONVERSION = YES;
				GCC_WARN_ABOUT_RETURN_TYPE = YES_ERROR;
				GCC_WARN_UNDECLARED_SELECTOR = YES;
				GCC_WARN_UNINITIALIZED_AUTOS = YES_AGGRESSIVE;
				GCC_WARN_UNUSED_FUNCTION = YES;
				GCC_WARN_UNUSED_VARIABLE = YES;
				IPHONEOS_DEPLOYMENT_TARGET = 7.1;
				ONLY_ACTIVE_ARCH = YES;
				SDKROOT = iphoneos;
			};
			name = Debug;
		};
		367867F419C7A84E003D844A /* Release */ = {
			isa = XCBuildConfiguration;
			buildSettings = {
				ALWAYS_SEARCH_USER_PATHS = NO;
				CLANG_CXX_LANGUAGE_STANDARD = "gnu++0x";
				CLANG_CXX_LIBRARY = "libc++";
				CLANG_ENABLE_MODULES = YES;
				CLANG_ENABLE_OBJC_ARC = YES;
				CLANG_WARN_BOOL_CONVERSION = YES;
				CLANG_WARN_CONSTANT_CONVERSION = YES;
				CLANG_WARN_DIRECT_OBJC_ISA_USAGE = YES_ERROR;
				CLANG_WARN_EMPTY_BODY = YES;
				CLANG_WARN_ENUM_CONVERSION = YES;
				CLANG_WARN_INT_CONVERSION = YES;
				CLANG_WARN_OBJC_ROOT_CLASS = YES_ERROR;
				CLANG_WARN__DUPLICATE_METHOD_MATCH = YES;
				"CODE_SIGN_IDENTITY[sdk=iphoneos*]" = "iPhone Developer";
				COPY_PHASE_STRIP = YES;
				ENABLE_NS_ASSERTIONS = NO;
				GCC_C_LANGUAGE_STANDARD = gnu99;
				GCC_WARN_64_TO_32_BIT_CONVERSION = YES;
				GCC_WARN_ABOUT_RETURN_TYPE = YES_ERROR;
				GCC_WARN_UNDECLARED_SELECTOR = YES;
				GCC_WARN_UNINITIALIZED_AUTOS = YES_AGGRESSIVE;
				GCC_WARN_UNUSED_FUNCTION = YES;
				GCC_WARN_UNUSED_VARIABLE = YES;
				IPHONEOS_DEPLOYMENT_TARGET = 7.1;
				SDKROOT = iphoneos;
				VALIDATE_PRODUCT = YES;
			};
			name = Release;
		};
		367867F619C7A84E003D844A /* Debug */ = {
			isa = XCBuildConfiguration;
			buildSettings = {
				ASSETCATALOG_COMPILER_APPICON_NAME = AppIcon;
				ASSETCATALOG_COMPILER_LAUNCHIMAGE_NAME = LaunchImage;
				GCC_PRECOMPILE_PREFIX_HEADER = YES;
				GCC_PREFIX_HEADER = "hidekeyboard/hidekeyboard-Prefix.pch";
				INFOPLIST_FILE = "hidekeyboard/hidekeyboard-Info.plist";
				PRODUCT_NAME = "$(TARGET_NAME)";
				WRAPPER_EXTENSION = app;
			};
			name = Debug;
		};
		367867F719C7A84E003D844A /* Release */ = {
			isa = XCBuildConfiguration;
			buildSettings = {
				ASSETCATALOG_COMPILER_APPICON_NAME = AppIcon;
				ASSETCATALOG_COMPILER_LAUNCHIMAGE_NAME = LaunchImage;
				GCC_PRECOMPILE_PREFIX_HEADER = YES;
				GCC_PREFIX_HEADER = "hidekeyboard/hidekeyboard-Prefix.pch";
				INFOPLIST_FILE = "hidekeyboard/hidekeyboard-Info.plist";
				PRODUCT_NAME = "$(TARGET_NAME)";
				WRAPPER_EXTENSION = app;
			};
			name = Release;
		};
		367867F919C7A84E003D844A /* Debug */ = {
			isa = XCBuildConfiguration;
			buildSettings = {
				BUNDLE_LOADER = "$(BUILT_PRODUCTS_DIR)/hidekeyboard.app/hidekeyboard";
				FRAMEWORK_SEARCH_PATHS = (
					"$(SDKROOT)/Developer/Library/Frameworks",
					"$(inherited)",
					"$(DEVELOPER_FRAMEWORKS_DIR)",
				);
				GCC_PRECOMPILE_PREFIX_HEADER = YES;
				GCC_PREFIX_HEADER = "hidekeyboard/hidekeyboard-Prefix.pch";
				GCC_PREPROCESSOR_DEFINITIONS = (
					"DEBUG=1",
					"$(inherited)",
				);
				INFOPLIST_FILE = "hidekeyboardTests/hidekeyboardTests-Info.plist";
				PRODUCT_NAME = "$(TARGET_NAME)";
				TEST_HOST = "$(BUNDLE_LOADER)";
				WRAPPER_EXTENSION = xctest;
			};
			name = Debug;
		};
		367867FA19C7A84E003D844A /* Release */ = {
			isa = XCBuildConfiguration;
			buildSettings = {
				BUNDLE_LOADER = "$(BUILT_PRODUCTS_DIR)/hidekeyboard.app/hidekeyboard";
				FRAMEWORK_SEARCH_PATHS = (
					"$(SDKROOT)/Developer/Library/Frameworks",
					"$(inherited)",
					"$(DEVELOPER_FRAMEWORKS_DIR)",
				);
				GCC_PRECOMPILE_PREFIX_HEADER = YES;
				GCC_PREFIX_HEADER = "hidekeyboard/hidekeyboard-Prefix.pch";
				INFOPLIST_FILE = "hidekeyboardTests/hidekeyboardTests-Info.plist";
				PRODUCT_NAME = "$(TARGET_NAME)";
				TEST_HOST = "$(BUNDLE_LOADER)";
				WRAPPER_EXTENSION = xctest;
			};
			name = Release;
		};
/* End XCBuildConfiguration section */

/* Begin XCConfigurationList section */
		367867BE19C7A84E003D844A /* Build configuration list for PBXProject "hidekeyboard" */ = {
			isa = XCConfigurationList;
			buildConfigurations = (
				367867F319C7A84E003D844A /* Debug */,
				367867F419C7A84E003D844A /* Release */,
			);
			defaultConfigurationIsVisible = 0;
			defaultConfigurationName = Release;
		};
		367867F519C7A84E003D844A /* Build configuration list for PBXNativeTarget "hidekeyboard" */ = {
			isa = XCConfigurationList;
			buildConfigurations = (
				367867F619C7A84E003D844A /* Debug */,
				367867F719C7A84E003D844A /* Release */,
			);
			defaultConfigurationIsVisible = 0;
		};
		367867F819C7A84E003D844A /* Build configuration list for PBXNativeTarget "hidekeyboardTests" */ = {
			isa = XCConfigurationList;
			buildConfigurations = (
				367867F919C7A84E003D844A /* Debug */,
				367867FA19C7A84E003D844A /* Release */,
			);
			defaultConfigurationIsVisible = 0;
		};
/* End XCConfigurationList section */
	};
	rootObject = 367867BB19C7A84E003D844A /* Project object */;
}
